
Microsoft Visual Studio Solution File, Format Version 12.00
# Visual Studio Version 17
VisualStudioVersion = 17.7.34031.279
MinimumVisualStudioVersion = 10.0.40219.1
Project("{9A19103F-16F7-4668-BE54-9A1E7A4F7556}") = "TactiX", "TactiX\TactiX.csproj", "{DBBD56F0-BC20-4F7B-BAEF-C538E98DDA75}"
EndProject
Project("{2150E333-8FDC-42A3-9474-1A3956D46DE8}") = "Элементы решения", "Элементы решения", "{0C095E4B-FBD1-42B1-A0FE-DF4D6C277BB0}"
	ProjectSection(SolutionItems) = preProject
		.env = .env
		docker-compose.yml = docker-compose.yml
	EndProjectSection
EndProject
Global
	GlobalSection(SolutionConfigurationPlatforms) = preSolution
		Debug|Any CPU = Debug|Any CPU
		Release|Any CPU = Release|Any CPU
	EndGlobalSection
	GlobalSection(ProjectConfigurationPlatforms) = postSolution
		{DBBD56F0-BC20-4F7B-BAEF-C538E98DDA75}.Debug|Any CPU.ActiveCfg = Debug|Any CPU
		{DBBD56F0-BC20-4F7B-BAEF-C538E98DDA75}.Debug|Any CPU.Build.0 = Debug|Any CPU
		{DBBD56F0-BC20-4F7B-BAEF-C538E98DDA75}.Release|Any CPU.ActiveCfg = Release|Any CPU
		{DBBD56F0-BC20-4F7B-BAEF-C538E98DDA75}.Release|Any CPU.Build.0 = Release|Any CPU
	EndGlobalSection
	GlobalSection(SolutionProperties) = preSolution
		HideSolutionNode = FALSE
	EndGlobalSection
	GlobalSection(ExtensibilityGlobals) = postSolution
		SolutionGuid = {4F527F0B-15D5-4DF4-BCBE-7FB3F66DEA94}
	EndGlobalSection
EndGlobal
